
Microsoft Visual Studio Solution File, Format Version 12.00
# Visual Studio Version 16
VisualStudioVersion = 16.0.29102.190
MinimumVisualStudioVersion = 10.0.40219.1
Project("{FAE04EC0-301F-11D3-BF4B-00C04F79EFBC}") = "funWithOData", "funWithOData\funWithOData.csproj", "{605B387C-7BB2-4DE9-8A18-85A410B8AECE}"
EndProject
Global
	GlobalSection(SolutionConfigurationPlatforms) = preSolution
		Debug|Any CPU = Debug|Any CPU
		Release|Any CPU = Release|Any CPU
	EndGlobalSection
	GlobalSection(ProjectConfigurationPlatforms) = postSolution
		{605B387C-7BB2-4DE9-8A18-85A410B8AECE}.Debug|Any CPU.ActiveCfg = Debug|Any CPU
		{605B387C-7BB2-4DE9-8A18-85A410B8AECE}.Debug|Any CPU.Build.0 = Debug|Any CPU
		{605B387C-7BB2-4DE9-8A18-85A410B8AECE}.Release|Any CPU.ActiveCfg = Release|Any CPU
		{605B387C-7BB2-4DE9-8A18-85A410B8AECE}.Release|Any CPU.Build.0 = Release|Any CPU
	EndGlobalSection
	GlobalSection(SolutionProperties) = preSolution
		HideSolutionNode = FALSE
	EndGlobalSection
	GlobalSection(ExtensibilityGlobals) = postSolution
		SolutionGuid = {A33EB91F-8F81-4BB2-AB5E-4286084554A2}
	EndGlobalSection
EndGlobal
